
Microsoft Visual Studio Solution File, Format Version 12.00
# Visual Studio Version 17
VisualStudioVersion = 17.0.31919.166
MinimumVisualStudioVersion = 10.0.40219.1
Project("{FAE04EC0-301F-11D3-BF4B-00C04F79EFBC}") = "WebApp", "WebApp\WebApp.csproj", "{BAA6CAEB-E720-46C8-B832-573E74AD407A}"
EndProject
Project("{FAE04EC0-301F-11D3-BF4B-00C04F79EFBC}") = "Devexpress", "Devexpress\Devexpress.csproj", "{4420C5A5-B43E-4345-BEF0-F9B06A4752B4}"
EndProject
Project("{FAE04EC0-301F-11D3-BF4B-00C04F79EFBC}") = "DevexpressApi", "DevexpressApi\DevexpressApi.csproj", "{C8787C5E-6B87-405B-BD94-0EB397194031}"
EndProject
Global
	GlobalSection(SolutionConfigurationPlatforms) = preSolution
		Debug|Any CPU = Debug|Any CPU
		Release|Any CPU = Release|Any CPU
	EndGlobalSection
	GlobalSection(ProjectConfigurationPlatforms) = postSolution
		{BAA6CAEB-E720-46C8-B832-573E74AD407A}.Debug|Any CPU.ActiveCfg = Debug|Any CPU
		{BAA6CAEB-E720-46C8-B832-573E74AD407A}.Debug|Any CPU.Build.0 = Debug|Any CPU
		{BAA6CAEB-E720-46C8-B832-573E74AD407A}.Release|Any CPU.ActiveCfg = Release|Any CPU
		{BAA6CAEB-E720-46C8-B832-573E74AD407A}.Release|Any CPU.Build.0 = Release|Any CPU
		{4420C5A5-B43E-4345-BEF0-F9B06A4752B4}.Debug|Any CPU.ActiveCfg = Debug|Any CPU
		{4420C5A5-B43E-4345-BEF0-F9B06A4752B4}.Debug|Any CPU.Build.0 = Debug|Any CPU
		{4420C5A5-B43E-4345-BEF0-F9B06A4752B4}.Release|Any CPU.ActiveCfg = Release|Any CPU
		{4420C5A5-B43E-4345-BEF0-F9B06A4752B4}.Release|Any CPU.Build.0 = Release|Any CPU
		{C8787C5E-6B87-405B-BD94-0EB397194031}.Debug|Any CPU.ActiveCfg = Debug|Any CPU
		{C8787C5E-6B87-405B-BD94-0EB397194031}.Debug|Any CPU.Build.0 = Debug|Any CPU
		{C8787C5E-6B87-405B-BD94-0EB397194031}.Release|Any CPU.ActiveCfg = Release|Any CPU
		{C8787C5E-6B87-405B-BD94-0EB397194031}.Release|Any CPU.Build.0 = Release|Any CPU
	EndGlobalSection
	GlobalSection(SolutionProperties) = preSolution
		HideSolutionNode = FALSE
	EndGlobalSection
	GlobalSection(ExtensibilityGlobals) = postSolution
		SolutionGuid = {70DF8E87-1F21-4952-AD4D-9AFF16D269DD}
	EndGlobalSection
EndGlobal
